
Microsoft Visual Studio Solution File, Format Version 12.00
# Visual Studio 15
VisualStudioVersion = 15.0.28307.136
MinimumVisualStudioVersion = 10.0.40219.1
Project("{8BC9CEB8-8B4A-11D0-8D11-00A0C91BC942}") = "08.02.2019-2", "08.02.2019-2\08.02.2019-2.vcxproj", "{2338A531-0B49-47BC-9B92-54E5B41180B1}"
EndProject
Global
	GlobalSection(SolutionConfigurationPlatforms) = preSolution
		Debug|x64 = Debug|x64
		Debug|x86 = Debug|x86
		Release|x64 = Release|x64
		Release|x86 = Release|x86
	EndGlobalSection
	GlobalSection(ProjectConfigurationPlatforms) = postSolution
		{2338A531-0B49-47BC-9B92-54E5B41180B1}.Debug|x64.ActiveCfg = Debug|x64
		{2338A531-0B49-47BC-9B92-54E5B41180B1}.Debug|x64.Build.0 = Debug|x64
		{2338A531-0B49-47BC-9B92-54E5B41180B1}.Debug|x86.ActiveCfg = Debug|Win32
		{2338A531-0B49-47BC-9B92-54E5B41180B1}.Debug|x86.Build.0 = Debug|Win32
		{2338A531-0B49-47BC-9B92-54E5B41180B1}.Release|x64.ActiveCfg = Release|x64
		{2338A531-0B49-47BC-9B92-54E5B41180B1}.Release|x64.Build.0 = Release|x64
		{2338A531-0B49-47BC-9B92-54E5B41180B1}.Release|x86.ActiveCfg = Release|Win32
		{2338A531-0B49-47BC-9B92-54E5B41180B1}.Release|x86.Build.0 = Release|Win32
	EndGlobalSection
	GlobalSection(SolutionProperties) = preSolution
		HideSolutionNode = FALSE
	EndGlobalSection
	GlobalSection(ExtensibilityGlobals) = postSolution
		SolutionGuid = {0B1D6B1F-459D-437D-ADA5-F7233A3E4F4F}
	EndGlobalSection
EndGlobal
