
Microsoft Visual Studio Solution File, Format Version 12.00
# Visual Studio 15
VisualStudioVersion = 15.0.28307.421
MinimumVisualStudioVersion = 10.0.40219.1
Project("{8BC9CEB8-8B4A-11D0-8D11-00A0C91BC942}") = "25.04.2019", "25.04.2019\25.04.2019.vcxproj", "{74894675-D6AF-4BEC-8935-8A3586637D53}"
EndProject
Global
	GlobalSection(SolutionConfigurationPlatforms) = preSolution
		Debug|x64 = Debug|x64
		Debug|x86 = Debug|x86
		Release|x64 = Release|x64
		Release|x86 = Release|x86
	EndGlobalSection
	GlobalSection(ProjectConfigurationPlatforms) = postSolution
		{74894675-D6AF-4BEC-8935-8A3586637D53}.Debug|x64.ActiveCfg = Debug|x64
		{74894675-D6AF-4BEC-8935-8A3586637D53}.Debug|x64.Build.0 = Debug|x64
		{74894675-D6AF-4BEC-8935-8A3586637D53}.Debug|x86.ActiveCfg = Debug|Win32
		{74894675-D6AF-4BEC-8935-8A3586637D53}.Debug|x86.Build.0 = Debug|Win32
		{74894675-D6AF-4BEC-8935-8A3586637D53}.Release|x64.ActiveCfg = Release|x64
		{74894675-D6AF-4BEC-8935-8A3586637D53}.Release|x64.Build.0 = Release|x64
		{74894675-D6AF-4BEC-8935-8A3586637D53}.Release|x86.ActiveCfg = Release|Win32
		{74894675-D6AF-4BEC-8935-8A3586637D53}.Release|x86.Build.0 = Release|Win32
	EndGlobalSection
	GlobalSection(SolutionProperties) = preSolution
		HideSolutionNode = FALSE
	EndGlobalSection
	GlobalSection(ExtensibilityGlobals) = postSolution
		SolutionGuid = {7417C8A4-0F5E-408D-843E-1467F37B2AED}
	EndGlobalSection
EndGlobal
